
Microsoft Visual Studio Solution File, Format Version 12.00
# Visual Studio Version 17
VisualStudioVersion = 17.2.32526.322
MinimumVisualStudioVersion = 10.0.40219.1
Project("{FAE04EC0-301F-11D3-BF4B-00C04F79EFBC}") = "WinFormsApp1", "WinFormsApp1\WinFormsApp1.csproj", "{45F9AD7E-54EF-41C2-A136-231549447588}"
EndProject
Global
	GlobalSection(SolutionConfigurationPlatforms) = preSolution
		Debug|Any CPU = Debug|Any CPU
		Release|Any CPU = Release|Any CPU
	EndGlobalSection
	GlobalSection(ProjectConfigurationPlatforms) = postSolution
		{45F9AD7E-54EF-41C2-A136-231549447588}.Debug|Any CPU.ActiveCfg = Debug|Any CPU
		{45F9AD7E-54EF-41C2-A136-231549447588}.Debug|Any CPU.Build.0 = Debug|Any CPU
		{45F9AD7E-54EF-41C2-A136-231549447588}.Release|Any CPU.ActiveCfg = Release|Any CPU
		{45F9AD7E-54EF-41C2-A136-231549447588}.Release|Any CPU.Build.0 = Release|Any CPU
	EndGlobalSection
	GlobalSection(SolutionProperties) = preSolution
		HideSolutionNode = FALSE
	EndGlobalSection
	GlobalSection(ExtensibilityGlobals) = postSolution
		SolutionGuid = {5552775C-B89F-4A64-A6C7-CE1399F0DD6D}
	EndGlobalSection
EndGlobal
